
Microsoft Visual Studio Solution File, Format Version 12.00
# Visual Studio 15
VisualStudioVersion = 15.0.26430.16
MinimumVisualStudioVersion = 10.0.40219.1
Project("{2150E333-8FDC-42A3-9474-1A3956D46DE8}") = ".paket", ".paket", "{0F4AA16A-6AD6-44F5-9C4E-859CA5DB748C}"
	ProjectSection(SolutionItems) = preProject
		paket.dependencies = paket.dependencies
	EndProjectSection
EndProject
Project("{FAE04EC0-301F-11D3-BF4B-00C04F79EFBC}") = "Afevt", "Afevt\Afevt.csproj", "{66C21488-B43E-4A29-BC7D-95CCBDB972C5}"
EndProject
Project("{FAE04EC0-301F-11D3-BF4B-00C04F79EFBC}") = "Afevt.Test", "Afevt.Test\Afevt.Test.csproj", "{FD79179C-13FA-4B91-BB6E-DE5D990B5BE2}"
EndProject
Global
	GlobalSection(SolutionConfigurationPlatforms) = preSolution
		Debug|Any CPU = Debug|Any CPU
		Release|Any CPU = Release|Any CPU
	EndGlobalSection
	GlobalSection(ProjectConfigurationPlatforms) = postSolution
		{66C21488-B43E-4A29-BC7D-95CCBDB972C5}.Debug|Any CPU.ActiveCfg = Debug|Any CPU
		{66C21488-B43E-4A29-BC7D-95CCBDB972C5}.Debug|Any CPU.Build.0 = Debug|Any CPU
		{66C21488-B43E-4A29-BC7D-95CCBDB972C5}.Release|Any CPU.ActiveCfg = Release|Any CPU
		{66C21488-B43E-4A29-BC7D-95CCBDB972C5}.Release|Any CPU.Build.0 = Release|Any CPU
		{FD79179C-13FA-4B91-BB6E-DE5D990B5BE2}.Debug|Any CPU.ActiveCfg = Debug|Any CPU
		{FD79179C-13FA-4B91-BB6E-DE5D990B5BE2}.Debug|Any CPU.Build.0 = Debug|Any CPU
		{FD79179C-13FA-4B91-BB6E-DE5D990B5BE2}.Release|Any CPU.ActiveCfg = Release|Any CPU
		{FD79179C-13FA-4B91-BB6E-DE5D990B5BE2}.Release|Any CPU.Build.0 = Release|Any CPU
	EndGlobalSection
	GlobalSection(SolutionProperties) = preSolution
		HideSolutionNode = FALSE
	EndGlobalSection
EndGlobal
